// !$*UTF8*$!
{
	archiveVersion = 1;
	classes = {
	};
	objectVersion = 60;
	objects = {

/* Begin PBXBuildFile section */
		B18B351E2B6267A500ECD221 /* lec3App.swift in Sources */ = {isa = PBXBuildFile; fileRef = B18B351D2B6267A500ECD221 /* lec3App.swift */; };
		B18B35202B6267A500ECD221 /* ContentView.swift in Sources */ = {isa = PBXBuildFile; fileRef = B18B351F2B6267A500ECD221 /* ContentView.swift */; };
		B18B35222B6267A600ECD221 /* Assets.xcassets in Resources */ = {isa = PBXBuildFile; fileRef = B18B35212B6267A600ECD221 /* Assets.xcassets */; };
		B18B35252B6267A600ECD221 /* Preview Assets.xcassets in Resources */ = {isa = PBXBuildFile; fileRef = B18B35242B6267A600ECD221 /* Preview Assets.xcassets */; };
		B18B352F2B6267A600ECD221 /* lec3Tests.swift in Sources */ = {isa = PBXBuildFile; fileRef = B18B352E2B6267A600ECD221 /* lec3Tests.swift */; };
		B18B35392B6267A600ECD221 /* lec3UITests.swift in Sources */ = {isa = PBXBuildFile; fileRef = B18B35382B6267A600ECD221 /* lec3UITests.swift */; };
		B18B353B2B6267A600ECD221 /* lec3UITestsLaunchTests.swift in Sources */ = {isa = PBXBuildFile; fileRef = B18B353A2B6267A600ECD221 /* lec3UITestsLaunchTests.swift */; };
/* End PBXBuildFile section */

/* Begin PBXContainerItemProxy section */
		B18B352B2B6267A600ECD221 /* PBXContainerItemProxy */ = {
			isa = PBXContainerItemProxy;
			containerPortal = B18B35122B6267A500ECD221 /* Project object */;
			proxyType = 1;
			remoteGlobalIDString = B18B35192B6267A500ECD221;
			remoteInfo = lec3;
		};
		B18B35352B6267A600ECD221 /* PBXContainerItemProxy */ = {
			isa = PBXContainerItemProxy;
			containerPortal = B18B35122B6267A500ECD221 /* Project object */;
			proxyType = 1;
			remoteGlobalIDString = B18B35192B6267A500ECD221;
			remoteInfo = lec3;
		};
/* End PBXContainerItemProxy section */

/* Begin PBXFileReference section */
		B18B351A2B6267A500ECD221 /* hw1.app */ = {isa = PBXFileReference; explicitFileType = wrapper.application; includeInIndex = 0; path = hw1.app; sourceTree = BUILT_PRODUCTS_DIR; };
		B18B351D2B6267A500ECD221 /* lec3App.swift */ = {isa = PBXFileReference; lastKnownFileType = sourcecode.swift; path = lec3App.swift; sourceTree = "<group>"; };
		B18B351F2B6267A500ECD221 /* ContentView.swift */ = {isa = PBXFileReference; lastKnownFileType = sourcecode.swift; path = ContentView.swift; sourceTree = "<group>"; };
		B18B35212B6267A600ECD221 /* Assets.xcassets */ = {isa = PBXFileReference; lastKnownFileType = folder.assetcatalog; path = Assets.xcassets; sourceTree = "<group>"; };
		B18B35242B6267A600ECD221 /* Preview Assets.xcassets */ = {isa = PBXFileReference; lastKnownFileType = folder.assetcatalog; path = "Preview Assets.xcassets"; sourceTree = "<group>"; };
		B18B352A2B6267A600ECD221 /* hw1Tests.xctest */ = {isa = PBXFileReference; explicitFileType = wrapper.cfbundle; includeInIndex = 0; path = hw1Tests.xctest; sourceTree = BUILT_PRODUCTS_DIR; };
		B18B352E2B6267A600ECD221 /* lec3Tests.swift */ = {isa = PBXFileReference; lastKnownFileType = sourcecode.swift; path = lec3Tests.swift; sourceTree = "<group>"; };
		B18B35342B6267A600ECD221 /* hw1UITests.xctest */ = {isa = PBXFileReference; explicitFileType = wrapper.cfbundle; includeInIndex = 0; path = hw1UITests.xctest; sourceTree = BUILT_PRODUCTS_DIR; };
		B18B35382B6267A600ECD221 /* lec3UITests.swift */ = {isa = PBXFileReference; lastKnownFileType = sourcecode.swift; path = lec3UITests.swift; sourceTree = "<group>"; };
		B18B353A2B6267A600ECD221 /* lec3UITestsLaunchTests.swift */ = {isa = PBXFileReference; lastKnownFileType = sourcecode.swift; path = lec3UITestsLaunchTests.swift; sourceTree = "<group>"; };
/* End PBXFileReference section */

/* Begin PBXFrameworksBuildPhase section */
		B18B35172B6267A500ECD221 /* Frameworks */ = {
			isa = PBXFrameworksBuildPhase;
			buildActionMask = 2147483647;
			files = (
			);
			runOnlyForDeploymentPostprocessing = 0;
		};
		B18B35272B6267A600ECD221 /* Frameworks */ = {
			isa = PBXFrameworksBuildPhase;
			buildActionMask = 2147483647;
			files = (
			);
			runOnlyForDeploymentPostprocessing = 0;
		};
		B18B35312B6267A600ECD221 /* Frameworks */ = {
			isa = PBXFrameworksBuildPhase;
			buildActionMask = 2147483647;
			files = (
			);
			runOnlyForDeploymentPostprocessing = 0;
		};
/* End PBXFrameworksBuildPhase section */

/* Begin PBXGroup section */
		B18B35112B6267A500ECD221 = {
			isa = PBXGroup;
			children = (
				B18B351C2B6267A500ECD221 /* lec3 */,
				B18B352D2B6267A600ECD221 /* lec3Tests */,
				B18B35372B6267A600ECD221 /* lec3UITests */,
				B18B351B2B6267A500ECD221 /* Products */,
			);
			sourceTree = "<group>";
		};
		B18B351B2B6267A500ECD221 /* Products */ = {
			isa = PBXGroup;
			children = (
				B18B351A2B6267A500ECD221 /* hw1.app */,
				B18B352A2B6267A600ECD221 /* hw1Tests.xctest */,
				B18B35342B6267A600ECD221 /* hw1UITests.xctest */,
			);
			name = Products;
			sourceTree = "<group>";
		};
		B18B351C2B6267A500ECD221 /* lec3 */ = {
			isa = PBXGroup;
			children = (
				B18B351D2B6267A500ECD221 /* lec3App.swift */,
				B18B351F2B6267A500ECD221 /* ContentView.swift */,
				B18B35212B6267A600ECD221 /* Assets.xcassets */,
				B18B35232B6267A600ECD221 /* Preview Content */,
			);
			path = lec3;
			sourceTree = "<group>";
		};
		B18B35232B6267A600ECD221 /* Preview Content */ = {
			isa = PBXGroup;
			children = (
				B18B35242B6267A600ECD221 /* Preview Assets.xcassets */,
			);
			path = "Preview Content";
			sourceTree = "<group>";
		};
		B18B352D2B6267A600ECD221 /* lec3Tests */ = {
			isa = PBXGroup;
			children = (
				B18B352E2B6267A600ECD221 /* lec3Tests.swift */,
			);
			path = lec3Tests;
			sourceTree = "<group>";
		};
		B18B35372B6267A600ECD221 /* lec3UITests */ = {
			isa = PBXGroup;
			children = (
				B18B35382B6267A600ECD221 /* lec3UITests.swift */,
				B18B353A2B6267A600ECD221 /* lec3UITestsLaunchTests.swift */,
			);
			path = lec3UITests;
			sourceTree = "<group>";
		};
/* End PBXGroup section */

/* Begin PBXNativeTarget section */
		B18B35192B6267A500ECD221 /* hw1 */ = {
			isa = PBXNativeTarget;
			buildConfigurationList = B18B353E2B6267A600ECD221 /* Build configuration list for PBXNativeTarget "hw1" */;
			buildPhases = (
				B18B35162B6267A500ECD221 /* Sources */,
				B18B35172B6267A500ECD221 /* Frameworks */,
				B18B35182B6267A500ECD221 /* Resources */,
			);
			buildRules = (
			);
			dependencies = (
			);
			name = hw1;
			productName = lec3;
			productReference = B18B351A2B6267A500ECD221 /* hw1.app */;
			productType = "com.apple.product-type.application";
		};
		B18B35292B6267A600ECD221 /* hw1Tests */ = {
			isa = PBXNativeTarget;
			buildConfigurationList = B18B35412B6267A600ECD221 /* Build configuration list for PBXNativeTarget "hw1Tests" */;
			buildPhases = (
				B18B35262B6267A600ECD221 /* Sources */,
				B18B35272B6267A600ECD221 /* Frameworks */,
				B18B35282B6267A600ECD221 /* Resources */,
			);
			buildRules = (
			);
			dependencies = (
				B18B352C2B6267A600ECD221 /* PBXTargetDependency */,
			);
			name = hw1Tests;
			productName = lec3Tests;
			productReference = B18B352A2B6267A600ECD221 /* hw1Tests.xctest */;
			productType = "com.apple.product-type.bundle.unit-test";
		};
		B18B35332B6267A600ECD221 /* hw1UITests */ = {
			isa = PBXNativeTarget;
			buildConfigurationList = B18B35442B6267A600ECD221 /* Build configuration list for PBXNativeTarget "hw1UITests" */;
			buildPhases = (
				B18B35302B6267A600ECD221 /* Sources */,
				B18B35312B6267A600ECD221 /* Frameworks */,
				B18B35322B6267A600ECD221 /* Resources */,
			);
			buildRules = (
			);
			dependencies = (
				B18B35362B6267A600ECD221 /* PBXTargetDependency */,
			);
			name = hw1UITests;
			productName = lec3UITests;
			productReference = B18B35342B6267A600ECD221 /* hw1UITests.xctest */;
			productType = "com.apple.product-type.bundle.ui-testing";
		};
/* End PBXNativeTarget section */

/* Begin PBXProject section */
		B18B35122B6267A500ECD221 /* Project object */ = {
			isa = PBXProject;
			attributes = {
				BuildIndependentTargetsInParallel = 1;
				LastSwiftUpdateCheck = 1520;
				LastUpgradeCheck = 1520;
				TargetAttributes = {
					B18B35192B6267A500ECD221 = {
						CreatedOnToolsVersion = 15.2;
					};
					B18B35292B6267A600ECD221 = {
						CreatedOnToolsVersion = 15.2;
						TestTargetID = B18B35192B6267A500ECD221;
					};
					B18B35332B6267A600ECD221 = {
						CreatedOnToolsVersion = 15.2;
						TestTargetID = B18B35192B6267A500ECD221;
					};
				};
			};
			buildConfigurationList = B18B35152B6267A500ECD221 /* Build configuration list for PBXProject "hw1" */;
			compatibilityVersion = "Xcode 15.0";
			developmentRegion = en;
			hasScannedForEncodings = 0;
			knownRegions = (
				en,
				Base,
			);
			mainGroup = B18B35112B6267A500ECD221;
			productRefGroup = B18B351B2B6267A500ECD221 /* Products */;
			projectDirPath = "";
			projectRoot = "";
			targets = (
				B18B35192B6267A500ECD221 /* hw1 */,
				B18B35292B6267A600ECD221 /* hw1Tests */,
				B18B35332B6267A600ECD221 /* hw1UITests */,
			);
		};
/* End PBXProject section */

/* Begin PBXResourcesBuildPhase section */
		B18B35182B6267A500ECD221 /* Resources */ = {
			isa = PBXResourcesBuildPhase;
			buildActionMask = 2147483647;
			files = (
				B18B35252B6267A600ECD221 /* Preview Assets.xcassets in Resources */,
				B18B35222B6267A600ECD221 /* Assets.xcassets in Resources */,
			);
			runOnlyForDeploymentPostprocessing = 0;
		};
		B18B35282B6267A600ECD221 /* Resources */ = {
			isa = PBXResourcesBuildPhase;
			buildActionMask = 2147483647;
			files = (
			);
			runOnlyForDeploymentPostprocessing = 0;
		};
		B18B35322B6267A600ECD221 /* Resources */ = {
			isa = PBXResourcesBuildPhase;
			buildActionMask = 2147483647;
			files = (
			);
			runOnlyForDeploymentPostprocessing = 0;
		};
/* End PBXResourcesBuildPhase section */

/* Begin PBXSourcesBuildPhase section */
		B18B35162B6267A500ECD221 /* Sources */ = {
			isa = PBXSourcesBuildPhase;
			buildActionMask = 2147483647;
			files = (
				B18B35202B6267A500ECD221 /* ContentView.swift in Sources */,
				B18B351E2B6267A500ECD221 /* lec3App.swift in Sources */,
			);
			runOnlyForDeploymentPostprocessing = 0;
		};
		B18B35262B6267A600ECD221 /* Sources */ = {
			isa = PBXSourcesBuildPhase;
			buildActionMask = 2147483647;
			files = (
				B18B352F2B6267A600ECD221 /* lec3Tests.swift in Sources */,
			);
			runOnlyForDeploymentPostprocessing = 0;
		};
		B18B35302B6267A600ECD221 /* Sources */ = {
			isa = PBXSourcesBuildPhase;
			buildActionMask = 2147483647;
			files = (
				B18B35392B6267A600ECD221 /* lec3UITests.swift in Sources */,
				B18B353B2B6267A600ECD221 /* lec3UITestsLaunchTests.swift in Sources */,
			);
			runOnlyForDeploymentPostprocessing = 0;
		};
/* End PBXSourcesBuildPhase section */

/* Begin PBXTargetDependency section */
		B18B352C2B6267A600ECD221 /* PBXTargetDependency */ = {
			isa = PBXTargetDependency;
			target = B18B35192B6267A500ECD221 /* hw1 */;
			targetProxy = B18B352B2B6267A600ECD221 /* PBXContainerItemProxy */;
		};
		B18B35362B6267A600ECD221 /* PBXTargetDependency */ = {
			isa = PBXTargetDependency;
			target = B18B35192B6267A500ECD221 /* hw1 */;
			targetProxy = B18B35352B6267A600ECD221 /* PBXContainerItemProxy */;
		};
/* End PBXTargetDependency section */

/* Begin XCBuildConfiguration section */
		B18B353C2B6267A600ECD221 /* Debug */ = {
			isa = XCBuildConfiguration;
			buildSettings = {
				ALWAYS_SEARCH_USER_PATHS = NO;
				ASSETCATALOG_COMPILER_GENERATE_SWIFT_ASSET_SYMBOL_EXTENSIONS = YES;
				CLANG_ANALYZER_NONNULL = YES;
				CLANG_ANALYZER_NUMBER_OBJECT_CONVERSION = YES_AGGRESSIVE;
				CLANG_CXX_LANGUAGE_STANDARD = "gnu++20";
				CLANG_ENABLE_MODULES = YES;
				CLANG_ENABLE_OBJC_ARC = YES;
				CLANG_ENABLE_OBJC_WEAK = YES;
				CLANG_WARN_BLOCK_CAPTURE_AUTORELEASING = YES;
				CLANG_WARN_BOOL_CONVERSION = YES;
				CLANG_WARN_COMMA = YES;
				CLANG_WARN_CONSTANT_CONVERSION = YES;
				CLANG_WARN_DEPRECATED_OBJC_IMPLEMENTATIONS = YES;
				CLANG_WARN_DIRECT_OBJC_ISA_USAGE = YES_ERROR;
				CLANG_WARN_DOCUMENTATION_COMMENTS = YES;
				CLANG_WARN_EMPTY_BODY = YES;
				CLANG_WARN_ENUM_CONVERSION = YES;
				CLANG_WARN_INFINITE_RECURSION = YES;
				CLANG_WARN_INT_CONVERSION = YES;
				CLANG_WARN_NON_LITERAL_NULL_CONVERSION = YES;
				CLANG_WARN_OBJC_IMPLICIT_RETAIN_SELF = YES;
				CLANG_WARN_OBJC_LITERAL_CONVERSION = YES;
				CLANG_WARN_OBJC_ROOT_CLASS = YES_ERROR;
				CLANG_WARN_QUOTED_INCLUDE_IN_FRAMEWORK_HEADER = YES;
				CLANG_WARN_RANGE_LOOP_ANALYSIS = YES;
				CLANG_WARN_STRICT_PROTOTYPES = YES;
				CLANG_WARN_SUSPICIOUS_MOVE = YES;
				CLANG_WARN_UNGUARDED_AVAILABILITY = YES_AGGRESSIVE;
				CLANG_WARN_UNREACHABLE_CODE = YES;
				CLANG_WARN__DUPLICATE_METHOD_MATCH = YES;
				COPY_PHASE_STRIP = NO;
				DEBUG_INFORMATION_FORMAT = dwarf;
				ENABLE_STRICT_OBJC_MSGSEND = YES;
				ENABLE_TESTABILITY = YES;
				ENABLE_USER_SCRIPT_SANDBOXING = YES;
				GCC_C_LANGUAGE_STANDARD = gnu17;
				GCC_DYNAMIC_NO_PIC = NO;
				GCC_NO_COMMON_BLOCKS = YES;
				GCC_OPTIMIZATION_LEVEL = 0;
				GCC_PREPROCESSOR_DEFINITIONS = (
					"DEBUG=1",
					"$(inherited)",
				);
				GCC_WARN_64_TO_32_BIT_CONVERSION = YES;
				GCC_WARN_ABOUT_RETURN_TYPE = YES_ERROR;
				GCC_WARN_UNDECLARED_SELECTOR = YES;
				GCC_WARN_UNINITIALIZED_AUTOS = YES_AGGRESSIVE;
				GCC_WARN_UNUSED_FUNCTION = YES;
				GCC_WARN_UNUSED_VARIABLE = YES;
				IPHONEOS_DEPLOYMENT_TARGET = 17.2;
				LOCALIZATION_PREFERS_STRING_CATALOGS = YES;
				MTL_ENABLE_DEBUG_INFO = INCLUDE_SOURCE;
				MTL_FAST_MATH = YES;
				ONLY_ACTIVE_ARCH = YES;
				SDKROOT = iphoneos;
				SWIFT_ACTIVE_COMPILATION_CONDITIONS = "DEBUG $(inherited)";
				SWIFT_OPTIMIZATION_LEVEL = "-Onone";
			};
			name = Debug;
		};
		B18B353D2B6267A600ECD221 /* Release */ = {
			isa = XCBuildConfiguration;
			buildSettings = {
				ALWAYS_SEARCH_USER_PATHS = NO;
				ASSETCATALOG_COMPILER_GENERATE_SWIFT_ASSET_SYMBOL_EXTENSIONS = YES;
				CLANG_ANALYZER_NONNULL = YES;
				CLANG_ANALYZER_NUMBER_OBJECT_CONVERSION = YES_AGGRESSIVE;
				CLANG_CXX_LANGUAGE_STANDARD = "gnu++20";
				CLANG_ENABLE_MODULES = YES;
				CLANG_ENABLE_OBJC_ARC = YES;
				CLANG_ENABLE_OBJC_WEAK = YES;
				CLANG_WARN_BLOCK_CAPTURE_AUTORELEASING = YES;
				CLANG_WARN_BOOL_CONVERSION = YES;
				CLANG_WARN_COMMA = YES;
				CLANG_WARN_CONSTANT_CONVERSION = YES;
				CLANG_WARN_DEPRECATED_OBJC_IMPLEMENTATIONS = YES;
				CLANG_WARN_DIRECT_OBJC_ISA_USAGE = YES_ERROR;
				CLANG_WARN_DOCUMENTATION_COMMENTS = YES;
				CLANG_WARN_EMPTY_BODY = YES;
				CLANG_WARN_ENUM_CONVERSION = YES;
				CLANG_WARN_INFINITE_RECURSION = YES;
				CLANG_WARN_INT_CONVERSION = YES;
				CLANG_WARN_NON_LITERAL_NULL_CONVERSION = YES;
				CLANG_WARN_OBJC_IMPLICIT_RETAIN_SELF = YES;
				CLANG_WARN_OBJC_LITERAL_CONVERSION = YES;
				CLANG_WARN_OBJC_ROOT_CLASS = YES_ERROR;
				CLANG_WARN_QUOTED_INCLUDE_IN_FRAMEWORK_HEADER = YES;
				CLANG_WARN_RANGE_LOOP_ANALYSIS = YES;
				CLANG_WARN_STRICT_PROTOTYPES = YES;
				CLANG_WARN_SUSPICIOUS_MOVE = YES;
				CLANG_WARN_UNGUARDED_AVAILABILITY = YES_AGGRESSIVE;
				CLANG_WARN_UNREACHABLE_CODE = YES;
				CLANG_WARN__DUPLICATE_METHOD_MATCH = YES;
				COPY_PHASE_STRIP = NO;
				DEBUG_INFORMATION_FORMAT = "dwarf-with-dsym";
				ENABLE_NS_ASSERTIONS = NO;
				ENABLE_STRICT_OBJC_MSGSEND = YES;
				ENABLE_USER_SCRIPT_SANDBOXING = YES;
				GCC_C_LANGUAGE_STANDARD = gnu17;
				GCC_NO_COMMON_BLOCKS = YES;
				GCC_WARN_64_TO_32_BIT_CONVERSION = YES;
				GCC_WARN_ABOUT_RETURN_TYPE = YES_ERROR;
				GCC_WARN_UNDECLARED_SELECTOR = YES;
				GCC_WARN_UNINITIALIZED_AUTOS = YES_AGGRESSIVE;
				GCC_WARN_UNUSED_FUNCTION = YES;
				GCC_WARN_UNUSED_VARIABLE = YES;
				IPHONEOS_DEPLOYMENT_TARGET = 17.2;
				LOCALIZATION_PREFERS_STRING_CATALOGS = YES;
				MTL_ENABLE_DEBUG_INFO = NO;
				MTL_FAST_MATH = YES;
				SDKROOT = iphoneos;
				SWIFT_COMPILATION_MODE = wholemodule;
				VALIDATE_PRODUCT = YES;
			};
			name = Release;
		};
		B18B353F2B6267A600ECD221 /* Debug */ = {
			isa = XCBuildConfiguration;
			buildSettings = {
				ASSETCATALOG_COMPILER_APPICON_NAME = AppIcon;
				ASSETCATALOG_COMPILER_GLOBAL_ACCENT_COLOR_NAME = AccentColor;
				CODE_SIGN_STYLE = Automatic;
				CURRENT_PROJECT_VERSION = 1;
				DEVELOPMENT_ASSET_PATHS = "\"lec3/Preview Content\"";
				DEVELOPMENT_TEAM = 4RSW2R5M3S;
				ENABLE_PREVIEWS = YES;
				GENERATE_INFOPLIST_FILE = YES;
				INFOPLIST_KEY_UIApplicationSceneManifest_Generation = YES;
				INFOPLIST_KEY_UIApplicationSupportsIndirectInputEvents = YES;
				INFOPLIST_KEY_UILaunchScreen_Generation = YES;
				INFOPLIST_KEY_UISupportedInterfaceOrientations_iPad = "UIInterfaceOrientationPortrait UIInterfaceOrientationPortraitUpsideDown UIInterfaceOrientationLandscapeLeft UIInterfaceOrientationLandscapeRight";
				INFOPLIST_KEY_UISupportedInterfaceOrientations_iPhone = "UIInterfaceOrientationPortrait UIInterfaceOrientationLandscapeLeft UIInterfaceOrientationLandscapeRight";
				LD_RUNPATH_SEARCH_PATHS = (
					"$(inherited)",
					"@executable_path/Frameworks",
				);
				MARKETING_VERSION = 1.0;
				PRODUCT_BUNDLE_IDENTIFIER = chaeguevara.lec3;
				PRODUCT_NAME = "$(TARGET_NAME)";
				SWIFT_EMIT_LOC_STRINGS = YES;
				SWIFT_VERSION = 5.0;
				TARGETED_DEVICE_FAMILY = "1,2";
			};
			name = Debug;
		};
		B18B35402B6267A600ECD221 /* Release */ = {
			isa = XCBuildConfiguration;
			buildSettings = {
				ASSETCATALOG_COMPILER_APPICON_NAME = AppIcon;
				ASSETCATALOG_COMPILER_GLOBAL_ACCENT_COLOR_NAME = AccentColor;
				CODE_SIGN_STYLE = Automatic;
				CURRENT_PROJECT_VERSION = 1;
				DEVELOPMENT_ASSET_PATHS = "\"lec3/Preview Content\"";
				DEVELOPMENT_TEAM = 4RSW2R5M3S;
				ENABLE_PREVIEWS = YES;
				GENERATE_INFOPLIST_FILE = YES;
				INFOPLIST_KEY_UIApplicationSceneManifest_Generation = YES;
				INFOPLIST_KEY_UIApplicationSupportsIndirectInputEvents = YES;
				INFOPLIST_KEY_UILaunchScreen_Generation = YES;
				INFOPLIST_KEY_UISupportedInterfaceOrientations_iPad = "UIInterfaceOrientationPortrait UIInterfaceOrientationPortraitUpsideDown UIInterfaceOrientationLandscapeLeft UIInterfaceOrientationLandscapeRight";
				INFOPLIST_KEY_UISupportedInterfaceOrientations_iPhone = "UIInterfaceOrientationPortrait UIInterfaceOrientationLandscapeLeft UIInterfaceOrientationLandscapeRight";
				LD_RUNPATH_SEARCH_PATHS = (
					"$(inherited)",
					"@executable_path/Frameworks",
				);
				MARKETING_VERSION = 1.0;
				PRODUCT_BUNDLE_IDENTIFIER = chaeguevara.lec3;
				PRODUCT_NAME = "$(TARGET_NAME)";
				SWIFT_EMIT_LOC_STRINGS = YES;
				SWIFT_VERSION = 5.0;
				TARGETED_DEVICE_FAMILY = "1,2";
			};
			name = Release;
		};
		B18B35422B6267A600ECD221 /* Debug */ = {
			isa = XCBuildConfiguration;
			buildSettings = {
				ALWAYS_EMBED_SWIFT_STANDARD_LIBRARIES = YES;
				BUNDLE_LOADER = "$(TEST_HOST)";
				CODE_SIGN_STYLE = Automatic;
				CURRENT_PROJECT_VERSION = 1;
				DEVELOPMENT_TEAM = 4RSW2R5M3S;
				GENERATE_INFOPLIST_FILE = YES;
				IPHONEOS_DEPLOYMENT_TARGET = 17.2;
				MARKETING_VERSION = 1.0;
				PRODUCT_BUNDLE_IDENTIFIER = chaeguevara.lec3Tests;
				PRODUCT_NAME = "$(TARGET_NAME)";
				SWIFT_EMIT_LOC_STRINGS = NO;
				SWIFT_VERSION = 5.0;
				TARGETED_DEVICE_FAMILY = "1,2";
				TEST_HOST = "$(BUILT_PRODUCTS_DIR)/hw1.app/$(BUNDLE_EXECUTABLE_FOLDER_PATH)/hw1";
			};
			name = Debug;
		};
		B18B35432B6267A600ECD221 /* Release */ = {
			isa = XCBuildConfiguration;
			buildSettings = {
				ALWAYS_EMBED_SWIFT_STANDARD_LIBRARIES = YES;
				BUNDLE_LOADER = "$(TEST_HOST)";
				CODE_SIGN_STYLE = Automatic;
				CURRENT_PROJECT_VERSION = 1;
				DEVELOPMENT_TEAM = 4RSW2R5M3S;
				GENERATE_INFOPLIST_FILE = YES;
				IPHONEOS_DEPLOYMENT_TARGET = 17.2;
				MARKETING_VERSION = 1.0;
				PRODUCT_BUNDLE_IDENTIFIER = chaeguevara.lec3Tests;
				PRODUCT_NAME = "$(TARGET_NAME)";
				SWIFT_EMIT_LOC_STRINGS = NO;
				SWIFT_VERSION = 5.0;
				TARGETED_DEVICE_FAMILY = "1,2";
				TEST_HOST = "$(BUILT_PRODUCTS_DIR)/hw1.app/$(BUNDLE_EXECUTABLE_FOLDER_PATH)/hw1";
			};
			name = Release;
		};
		B18B35452B6267A600ECD221 /* Debug */ = {
			isa = XCBuildConfiguration;
			buildSettings = {
				ALWAYS_EMBED_SWIFT_STANDARD_LIBRARIES = YES;
				CODE_SIGN_STYLE = Automatic;
				CURRENT_PROJECT_VERSION = 1;
				DEVELOPMENT_TEAM = 4RSW2R5M3S;
				GENERATE_INFOPLIST_FILE = YES;
				MARKETING_VERSION = 1.0;
				PRODUCT_BUNDLE_IDENTIFIER = chaeguevara.lec3UITests;
				PRODUCT_NAME = "$(TARGET_NAME)";
				SWIFT_EMIT_LOC_STRINGS = NO;
				SWIFT_VERSION = 5.0;
				TARGETED_DEVICE_FAMILY = "1,2";
				TEST_TARGET_NAME = lec3;
			};
			name = Debug;
		};
		B18B35462B6267A600ECD221 /* Release */ = {
			isa = XCBuildConfiguration;
			buildSettings = {
				ALWAYS_EMBED_SWIFT_STANDARD_LIBRARIES = YES;
				CODE_SIGN_STYLE = Automatic;
				CURRENT_PROJECT_VERSION = 1;
				DEVELOPMENT_TEAM = 4RSW2R5M3S;
				GENERATE_INFOPLIST_FILE = YES;
				MARKETING_VERSION = 1.0;
				PRODUCT_BUNDLE_IDENTIFIER = chaeguevara.lec3UITests;
				PRODUCT_NAME = "$(TARGET_NAME)";
				SWIFT_EMIT_LOC_STRINGS = NO;
				SWIFT_VERSION = 5.0;
				TARGETED_DEVICE_FAMILY = "1,2";
				TEST_TARGET_NAME = lec3;
			};
			name = Release;
		};
/* End XCBuildConfiguration section */

/* Begin XCConfigurationList section */
		B18B35152B6267A500ECD221 /* Build configuration list for PBXProject "hw1" */ = {
			isa = XCConfigurationList;
			buildConfigurations = (
				B18B353C2B6267A600ECD221 /* Debug */,
				B18B353D2B6267A600ECD221 /* Release */,
			);
			defaultConfigurationIsVisible = 0;
			defaultConfigurationName = Release;
		};
		B18B353E2B6267A600ECD221 /* Build configuration list for PBXNativeTarget "hw1" */ = {
			isa = XCConfigurationList;
			buildConfigurations = (
				B18B353F2B6267A600ECD221 /* Debug */,
				B18B35402B6267A600ECD221 /* Release */,
			);
			defaultConfigurationIsVisible = 0;
			defaultConfigurationName = Release;
		};
		B18B35412B6267A600ECD221 /* Build configuration list for PBXNativeTarget "hw1Tests" */ = {
			isa = XCConfigurationList;
			buildConfigurations = (
				B18B35422B6267A600ECD221 /* Debug */,
				B18B35432B6267A600ECD221 /* Release */,
			);
			defaultConfigurationIsVisible = 0;
			defaultConfigurationName = Release;
		};
		B18B35442B6267A600ECD221 /* Build configuration list for PBXNativeTarget "hw1UITests" */ = {
			isa = XCConfigurationList;
			buildConfigurations = (
				B18B35452B6267A600ECD221 /* Debug */,
				B18B35462B6267A600ECD221 /* Release */,
			);
			defaultConfigurationIsVisible = 0;
			defaultConfigurationName = Release;
		};
/* End XCConfigurationList section */
	};
	rootObject = B18B35122B6267A500ECD221 /* Project object */;
}
